
Microsoft Visual Studio Solution File, Format Version 12.00
# Visual Studio Version 17
VisualStudioVersion = 17.13.35818.85
MinimumVisualStudioVersion = 10.0.40219.1
Project("{FAE04EC0-301F-11D3-BF4B-00C04F79EFBC}") = "1", "1\1.csproj", "{AF0C09A8-31B8-4C0C-BB1E-D7A11E83797C}"
EndProject
Global
	GlobalSection(SolutionConfigurationPlatforms) = preSolution
		Debug|Any CPU = Debug|Any CPU
		Release|Any CPU = Release|Any CPU
	EndGlobalSection
	GlobalSection(ProjectConfigurationPlatforms) = postSolution
		{AF0C09A8-31B8-4C0C-BB1E-D7A11E83797C}.Debug|Any CPU.ActiveCfg = Debug|Any CPU
		{AF0C09A8-31B8-4C0C-BB1E-D7A11E83797C}.Debug|Any CPU.Build.0 = Debug|Any CPU
		{AF0C09A8-31B8-4C0C-BB1E-D7A11E83797C}.Release|Any CPU.ActiveCfg = Release|Any CPU
		{AF0C09A8-31B8-4C0C-BB1E-D7A11E83797C}.Release|Any CPU.Build.0 = Release|Any CPU
	EndGlobalSection
	GlobalSection(SolutionProperties) = preSolution
		HideSolutionNode = FALSE
	EndGlobalSection
	GlobalSection(ExtensibilityGlobals) = postSolution
		SolutionGuid = {1A05B122-1A5D-4DF6-A2D9-F6CB7053810C}
	EndGlobalSection
EndGlobal
